
Microsoft Visual Studio Solution File, Format Version 12.00
# Visual Studio Version 17
VisualStudioVersion = 17.11.35303.130
MinimumVisualStudioVersion = 10.0.40219.1
Project("{FAE04EC0-301F-11D3-BF4B-00C04F79EFBC}") = "Benner", "Benner\Benner.csproj", "{4016CCA8-84A1-4EEB-9C55-34B1B41B5BDA}"
EndProject
Global
	GlobalSection(SolutionConfigurationPlatforms) = preSolution
		Debug|Any CPU = Debug|Any CPU
		Release|Any CPU = Release|Any CPU
	EndGlobalSection
	GlobalSection(ProjectConfigurationPlatforms) = postSolution
		{4016CCA8-84A1-4EEB-9C55-34B1B41B5BDA}.Debug|Any CPU.ActiveCfg = Debug|Any CPU
		{4016CCA8-84A1-4EEB-9C55-34B1B41B5BDA}.Debug|Any CPU.Build.0 = Debug|Any CPU
		{4016CCA8-84A1-4EEB-9C55-34B1B41B5BDA}.Release|Any CPU.ActiveCfg = Release|Any CPU
		{4016CCA8-84A1-4EEB-9C55-34B1B41B5BDA}.Release|Any CPU.Build.0 = Release|Any CPU
	EndGlobalSection
	GlobalSection(SolutionProperties) = preSolution
		HideSolutionNode = FALSE
	EndGlobalSection
	GlobalSection(ExtensibilityGlobals) = postSolution
		SolutionGuid = {05BC36E0-0214-4B23-A1AE-69FB1A9DE853}
	EndGlobalSection
EndGlobal
